// !$*UTF8*$!
{
	archiveVersion = 1;
	classes = {
	};
	objectVersion = 55;
	objects = {

/* Begin PBXBuildFile section */
		306C74562995812D009E5CBD /* AppDelegate.swift in Sources */ = {isa = PBXBuildFile; fileRef = 306C74552995812D009E5CBD /* AppDelegate.swift */; };
		306C74582995812D009E5CBD /* SceneDelegate.swift in Sources */ = {isa = PBXBuildFile; fileRef = 306C74572995812D009E5CBD /* SceneDelegate.swift */; };
		306C745A2995812D009E5CBD /* ViewController.swift in Sources */ = {isa = PBXBuildFile; fileRef = 306C74592995812D009E5CBD /* ViewController.swift */; };
		306C745D2995812D009E5CBD /* Main.storyboard in Resources */ = {isa = PBXBuildFile; fileRef = 306C745B2995812D009E5CBD /* Main.storyboard */; };
		306C745F2995812F009E5CBD /* Assets.xcassets in Resources */ = {isa = PBXBuildFile; fileRef = 306C745E2995812F009E5CBD /* Assets.xcassets */; };
		306C74622995812F009E5CBD /* LaunchScreen.storyboard in Resources */ = {isa = PBXBuildFile; fileRef = 306C74602995812F009E5CBD /* LaunchScreen.storyboard */; };
		30A9E0C629A026D80001026F /* AyarlarViewController.swift in Sources */ = {isa = PBXBuildFile; fileRef = 30A9E0C529A026D80001026F /* AyarlarViewController.swift */; };
		30CB7ABD299A6D41003446B3 /* FeedViewController.swift in Sources */ = {isa = PBXBuildFile; fileRef = 30CB7ABC299A6D41003446B3 /* FeedViewController.swift */; };
		30CB7ABF299A6D6A003446B3 /* UpLoadViewController.swift in Sources */ = {isa = PBXBuildFile; fileRef = 30CB7ABE299A6D6A003446B3 /* UpLoadViewController.swift */; };
		30F1227629A4FDFE001CF421 /* FeedTableViewCell.swift in Sources */ = {isa = PBXBuildFile; fileRef = 30F1227529A4FDFE001CF421 /* FeedTableViewCell.swift */; };
		30F1227829A50276001CF421 /* Post.swift in Sources */ = {isa = PBXBuildFile; fileRef = 30F1227729A50276001CF421 /* Post.swift */; };
		42A8E2435F4ED1C1E5B79833 /* Pods_21ParseFotografPaylasma.framework in Frameworks */ = {isa = PBXBuildFile; fileRef = B4D22EA4F6B75A5D33A1A3A2 /* Pods_21ParseFotografPaylasma.framework */; };
/* End PBXBuildFile section */

/* Begin PBXFileReference section */
		306C74522995812D009E5CBD /* 21ParseFotografPaylasma.app */ = {isa = PBXFileReference; explicitFileType = wrapper.application; includeInIndex = 0; path = 21ParseFotografPaylasma.app; sourceTree = BUILT_PRODUCTS_DIR; };
		306C74552995812D009E5CBD /* AppDelegate.swift */ = {isa = PBXFileReference; lastKnownFileType = sourcecode.swift; path = AppDelegate.swift; sourceTree = "<group>"; };
		306C74572995812D009E5CBD /* SceneDelegate.swift */ = {isa = PBXFileReference; lastKnownFileType = sourcecode.swift; path = SceneDelegate.swift; sourceTree = "<group>"; };
		306C74592995812D009E5CBD /* ViewController.swift */ = {isa = PBXFileReference; lastKnownFileType = sourcecode.swift; path = ViewController.swift; sourceTree = "<group>"; };
		306C745C2995812D009E5CBD /* Base */ = {isa = PBXFileReference; lastKnownFileType = file.storyboard; name = Base; path = Base.lproj/Main.storyboard; sourceTree = "<group>"; };
		306C745E2995812F009E5CBD /* Assets.xcassets */ = {isa = PBXFileReference; lastKnownFileType = folder.assetcatalog; path = Assets.xcassets; sourceTree = "<group>"; };
		306C74612995812F009E5CBD /* Base */ = {isa = PBXFileReference; lastKnownFileType = file.storyboard; name = Base; path = Base.lproj/LaunchScreen.storyboard; sourceTree = "<group>"; };
		306C74632995812F009E5CBD /* Info.plist */ = {isa = PBXFileReference; lastKnownFileType = text.plist.xml; path = Info.plist; sourceTree = "<group>"; };
		30A9E0C529A026D80001026F /* AyarlarViewController.swift */ = {isa = PBXFileReference; lastKnownFileType = sourcecode.swift; path = AyarlarViewController.swift; sourceTree = "<group>"; };
		30CB7ABC299A6D41003446B3 /* FeedViewController.swift */ = {isa = PBXFileReference; lastKnownFileType = sourcecode.swift; path = FeedViewController.swift; sourceTree = "<group>"; };
		30CB7ABE299A6D6A003446B3 /* UpLoadViewController.swift */ = {isa = PBXFileReference; fileEncoding = 4; lastKnownFileType = sourcecode.swift; path = UpLoadViewController.swift; sourceTree = "<group>"; };
		30F1227529A4FDFE001CF421 /* FeedTableViewCell.swift */ = {isa = PBXFileReference; lastKnownFileType = sourcecode.swift; path = FeedTableViewCell.swift; sourceTree = "<group>"; };
		30F1227729A50276001CF421 /* Post.swift */ = {isa = PBXFileReference; lastKnownFileType = sourcecode.swift; path = Post.swift; sourceTree = "<group>"; };
		85A5127CB0F7ED8F32C19449 /* Pods-21ParseFotografPaylasma.release.xcconfig */ = {isa = PBXFileReference; includeInIndex = 1; lastKnownFileType = text.xcconfig; name = "Pods-21ParseFotografPaylasma.release.xcconfig"; path = "Target Support Files/Pods-21ParseFotografPaylasma/Pods-21ParseFotografPaylasma.release.xcconfig"; sourceTree = "<group>"; };
		A276163FDDCA55F67909959F /* Pods-21ParseFotografPaylasma.debug.xcconfig */ = {isa = PBXFileReference; includeInIndex = 1; lastKnownFileType = text.xcconfig; name = "Pods-21ParseFotografPaylasma.debug.xcconfig"; path = "Target Support Files/Pods-21ParseFotografPaylasma/Pods-21ParseFotografPaylasma.debug.xcconfig"; sourceTree = "<group>"; };
		B4D22EA4F6B75A5D33A1A3A2 /* Pods_21ParseFotografPaylasma.framework */ = {isa = PBXFileReference; explicitFileType = wrapper.framework; includeInIndex = 0; path = Pods_21ParseFotografPaylasma.framework; sourceTree = BUILT_PRODUCTS_DIR; };
/* End PBXFileReference section */

/* Begin PBXFrameworksBuildPhase section */
		306C744F2995812D009E5CBD /* Frameworks */ = {
			isa = PBXFrameworksBuildPhase;
			buildActionMask = 2147483647;
			files = (
				42A8E2435F4ED1C1E5B79833 /* Pods_21ParseFotografPaylasma.framework in Frameworks */,
			);
			runOnlyForDeploymentPostprocessing = 0;
		};
/* End PBXFrameworksBuildPhase section */

/* Begin PBXGroup section */
		306C74492995812D009E5CBD = {
			isa = PBXGroup;
			children = (
				306C74542995812D009E5CBD /* 21ParseFotografPaylasma */,
				306C74532995812D009E5CBD /* Products */,
				CBC329BFF6B6A0778785505F /* Pods */,
				EA5C3D59B289F0261FE45068 /* Frameworks */,
			);
			sourceTree = "<group>";
		};
		306C74532995812D009E5CBD /* Products */ = {
			isa = PBXGroup;
			children = (
				306C74522995812D009E5CBD /* 21ParseFotografPaylasma.app */,
			);
			name = Products;
			sourceTree = "<group>";
		};
		306C74542995812D009E5CBD /* 21ParseFotografPaylasma */ = {
			isa = PBXGroup;
			children = (
				306C74552995812D009E5CBD /* AppDelegate.swift */,
				306C74572995812D009E5CBD /* SceneDelegate.swift */,
				306C74592995812D009E5CBD /* ViewController.swift */,
				306C745B2995812D009E5CBD /* Main.storyboard */,
				306C745E2995812F009E5CBD /* Assets.xcassets */,
				306C74602995812F009E5CBD /* LaunchScreen.storyboard */,
				306C74632995812F009E5CBD /* Info.plist */,
				30CB7ABC299A6D41003446B3 /* FeedViewController.swift */,
				30CB7ABE299A6D6A003446B3 /* UpLoadViewController.swift */,
				30A9E0C529A026D80001026F /* AyarlarViewController.swift */,
				30F1227529A4FDFE001CF421 /* FeedTableViewCell.swift */,
				30F1227729A50276001CF421 /* Post.swift */,
			);
			path = 21ParseFotografPaylasma;
			sourceTree = "<group>";
		};
		CBC329BFF6B6A0778785505F /* Pods */ = {
			isa = PBXGroup;
			children = (
				A276163FDDCA55F67909959F /* Pods-21ParseFotografPaylasma.debug.xcconfig */,
				85A5127CB0F7ED8F32C19449 /* Pods-21ParseFotografPaylasma.release.xcconfig */,
			);
			path = Pods;
			sourceTree = "<group>";
		};
		EA5C3D59B289F0261FE45068 /* Frameworks */ = {
			isa = PBXGroup;
			children = (
				B4D22EA4F6B75A5D33A1A3A2 /* Pods_21ParseFotografPaylasma.framework */,
			);
			name = Frameworks;
			sourceTree = "<group>";
		};
/* End PBXGroup section */

/* Begin PBXNativeTarget section */
		306C74512995812D009E5CBD /* 21ParseFotografPaylasma */ = {
			isa = PBXNativeTarget;
			buildConfigurationList = 306C74662995812F009E5CBD /* Build configuration list for PBXNativeTarget "21ParseFotografPaylasma" */;
			buildPhases = (
				5E896BDC1BD0CFA58736CCD0 /* [CP] Check Pods Manifest.lock */,
				306C744E2995812D009E5CBD /* Sources */,
				306C744F2995812D009E5CBD /* Frameworks */,
				306C74502995812D009E5CBD /* Resources */,
				1E378E300DE626492A2397A2 /* [CP] Embed Pods Frameworks */,
			);
			buildRules = (
			);
			dependencies = (
			);
			name = 21ParseFotografPaylasma;
			productName = 21ParseFotografPaylasma;
			productReference = 306C74522995812D009E5CBD /* 21ParseFotografPaylasma.app */;
			productType = "com.apple.product-type.application";
		};
/* End PBXNativeTarget section */

/* Begin PBXProject section */
		306C744A2995812D009E5CBD /* Project object */ = {
			isa = PBXProject;
			attributes = {
				BuildIndependentTargetsInParallel = 1;
				LastSwiftUpdateCheck = 1320;
				LastUpgradeCheck = 1320;
				TargetAttributes = {
					306C74512995812D009E5CBD = {
						CreatedOnToolsVersion = 13.2;
					};
				};
			};
			buildConfigurationList = 306C744D2995812D009E5CBD /* Build configuration list for PBXProject "21ParseFotografPaylasma" */;
			compatibilityVersion = "Xcode 13.0";
			developmentRegion = en;
			hasScannedForEncodings = 0;
			knownRegions = (
				en,
				Base,
			);
			mainGroup = 306C74492995812D009E5CBD;
			productRefGroup = 306C74532995812D009E5CBD /* Products */;
			projectDirPath = "";
			projectRoot = "";
			targets = (
				306C74512995812D009E5CBD /* 21ParseFotografPaylasma */,
			);
		};
/* End PBXProject section */

/* Begin PBXResourcesBuildPhase section */
		306C74502995812D009E5CBD /* Resources */ = {
			isa = PBXResourcesBuildPhase;
			buildActionMask = 2147483647;
			files = (
				306C74622995812F009E5CBD /* LaunchScreen.storyboard in Resources */,
				306C745F2995812F009E5CBD /* Assets.xcassets in Resources */,
				306C745D2995812D009E5CBD /* Main.storyboard in Resources */,
			);
			runOnlyForDeploymentPostprocessing = 0;
		};
/* End PBXResourcesBuildPhase section */

/* Begin PBXShellScriptBuildPhase section */
		1E378E300DE626492A2397A2 /* [CP] Embed Pods Frameworks */ = {
			isa = PBXShellScriptBuildPhase;
			buildActionMask = 2147483647;
			files = (
			);
			inputFileListPaths = (
				"${PODS_ROOT}/Target Support Files/Pods-21ParseFotografPaylasma/Pods-21ParseFotografPaylasma-frameworks-${CONFIGURATION}-input-files.xcfilelist",
			);
			name = "[CP] Embed Pods Frameworks";
			outputFileListPaths = (
				"${PODS_ROOT}/Target Support Files/Pods-21ParseFotografPaylasma/Pods-21ParseFotografPaylasma-frameworks-${CONFIGURATION}-output-files.xcfilelist",
			);
			runOnlyForDeploymentPostprocessing = 0;
			shellPath = /bin/sh;
			shellScript = "\"${PODS_ROOT}/Target Support Files/Pods-21ParseFotografPaylasma/Pods-21ParseFotografPaylasma-frameworks.sh\"\n";
			showEnvVarsInLog = 0;
		};
		5E896BDC1BD0CFA58736CCD0 /* [CP] Check Pods Manifest.lock */ = {
			isa = PBXShellScriptBuildPhase;
			buildActionMask = 2147483647;
			files = (
			);
			inputFileListPaths = (
			);
			inputPaths = (
				"${PODS_PODFILE_DIR_PATH}/Podfile.lock",
				"${PODS_ROOT}/Manifest.lock",
			);
			name = "[CP] Check Pods Manifest.lock";
			outputFileListPaths = (
			);
			outputPaths = (
				"$(DERIVED_FILE_DIR)/Pods-21ParseFotografPaylasma-checkManifestLockResult.txt",
			);
			runOnlyForDeploymentPostprocessing = 0;
			shellPath = /bin/sh;
			shellScript = "diff \"${PODS_PODFILE_DIR_PATH}/Podfile.lock\" \"${PODS_ROOT}/Manifest.lock\" > /dev/null\nif [ $? != 0 ] ; then\n    # print error to STDERR\n    echo \"error: The sandbox is not in sync with the Podfile.lock. Run 'pod install' or update your CocoaPods installation.\" >&2\n    exit 1\nfi\n# This output is used by Xcode 'outputs' to avoid re-running this script phase.\necho \"SUCCESS\" > \"${SCRIPT_OUTPUT_FILE_0}\"\n";
			showEnvVarsInLog = 0;
		};
/* End PBXShellScriptBuildPhase section */

/* Begin PBXSourcesBuildPhase section */
		306C744E2995812D009E5CBD /* Sources */ = {
			isa = PBXSourcesBuildPhase;
			buildActionMask = 2147483647;
			files = (
				306C745A2995812D009E5CBD /* ViewController.swift in Sources */,
				30A9E0C629A026D80001026F /* AyarlarViewController.swift in Sources */,
				30F1227629A4FDFE001CF421 /* FeedTableViewCell.swift in Sources */,
				30F1227829A50276001CF421 /* Post.swift in Sources */,
				30CB7ABF299A6D6A003446B3 /* UpLoadViewController.swift in Sources */,
				306C74562995812D009E5CBD /* AppDelegate.swift in Sources */,
				30CB7ABD299A6D41003446B3 /* FeedViewController.swift in Sources */,
				306C74582995812D009E5CBD /* SceneDelegate.swift in Sources */,
			);
			runOnlyForDeploymentPostprocessing = 0;
		};
/* End PBXSourcesBuildPhase section */

/* Begin PBXVariantGroup section */
		306C745B2995812D009E5CBD /* Main.storyboard */ = {
			isa = PBXVariantGroup;
			children = (
				306C745C2995812D009E5CBD /* Base */,
			);
			name = Main.storyboard;
			sourceTree = "<group>";
		};
		306C74602995812F009E5CBD /* LaunchScreen.storyboard */ = {
			isa = PBXVariantGroup;
			children = (
				306C74612995812F009E5CBD /* Base */,
			);
			name = LaunchScreen.storyboard;
			sourceTree = "<group>";
		};
/* End PBXVariantGroup section */

/* Begin XCBuildConfiguration section */
		306C74642995812F009E5CBD /* Debug */ = {
			isa = XCBuildConfiguration;
			buildSettings = {
				ALWAYS_SEARCH_USER_PATHS = NO;
				CLANG_ANALYZER_NONNULL = YES;
				CLANG_ANALYZER_NUMBER_OBJECT_CONVERSION = YES_AGGRESSIVE;
				CLANG_CXX_LANGUAGE_STANDARD = "gnu++17";
				CLANG_CXX_LIBRARY = "libc++";
				CLANG_ENABLE_MODULES = YES;
				CLANG_ENABLE_OBJC_ARC = YES;
				CLANG_ENABLE_OBJC_WEAK = YES;
				CLANG_WARN_BLOCK_CAPTURE_AUTORELEASING = YES;
				CLANG_WARN_BOOL_CONVERSION = YES;
				CLANG_WARN_COMMA = YES;
				CLANG_WARN_CONSTANT_CONVERSION = YES;
				CLANG_WARN_DEPRECATED_OBJC_IMPLEMENTATIONS = YES;
				CLANG_WARN_DIRECT_OBJC_ISA_USAGE = YES_ERROR;
				CLANG_WARN_DOCUMENTATION_COMMENTS = YES;
				CLANG_WARN_EMPTY_BODY = YES;
				CLANG_WARN_ENUM_CONVERSION = YES;
				CLANG_WARN_INFINITE_RECURSION = YES;
				CLANG_WARN_INT_CONVERSION = YES;
				CLANG_WARN_NON_LITERAL_NULL_CONVERSION = YES;
				CLANG_WARN_OBJC_IMPLICIT_RETAIN_SELF = YES;
				CLANG_WARN_OBJC_LITERAL_CONVERSION = YES;
				CLANG_WARN_OBJC_ROOT_CLASS = YES_ERROR;
				CLANG_WARN_QUOTED_INCLUDE_IN_FRAMEWORK_HEADER = YES;
				CLANG_WARN_RANGE_LOOP_ANALYSIS = YES;
				CLANG_WARN_STRICT_PROTOTYPES = YES;
				CLANG_WARN_SUSPICIOUS_MOVE = YES;
				CLANG_WARN_UNGUARDED_AVAILABILITY = YES_AGGRESSIVE;
				CLANG_WARN_UNREACHABLE_CODE = YES;
				CLANG_WARN__DUPLICATE_METHOD_MATCH = YES;
				COPY_PHASE_STRIP = NO;
				DEBUG_INFORMATION_FORMAT = dwarf;
				ENABLE_STRICT_OBJC_MSGSEND = YES;
				ENABLE_TESTABILITY = YES;
				GCC_C_LANGUAGE_STANDARD = gnu11;
				GCC_DYNAMIC_NO_PIC = NO;
				GCC_NO_COMMON_BLOCKS = YES;
				GCC_OPTIMIZATION_LEVEL = 0;
				GCC_PREPROCESSOR_DEFINITIONS = (
					"DEBUG=1",
					"$(inherited)",
				);
				GCC_WARN_64_TO_32_BIT_CONVERSION = YES;
				GCC_WARN_ABOUT_RETURN_TYPE = YES_ERROR;
				GCC_WARN_UNDECLARED_SELECTOR = YES;
				GCC_WARN_UNINITIALIZED_AUTOS = YES_AGGRESSIVE;
				GCC_WARN_UNUSED_FUNCTION = YES;
				GCC_WARN_UNUSED_VARIABLE = YES;
				IPHONEOS_DEPLOYMENT_TARGET = 15.2;
				MTL_ENABLE_DEBUG_INFO = INCLUDE_SOURCE;
				MTL_FAST_MATH = YES;
				ONLY_ACTIVE_ARCH = YES;
				SDKROOT = iphoneos;
				SWIFT_ACTIVE_COMPILATION_CONDITIONS = DEBUG;
				SWIFT_OPTIMIZATION_LEVEL = "-Onone";
			};
			name = Debug;
		};
		306C74652995812F009E5CBD /* Release */ = {
			isa = XCBuildConfiguration;
			buildSettings = {
				ALWAYS_SEARCH_USER_PATHS = NO;
				CLANG_ANALYZER_NONNULL = YES;
				CLANG_ANALYZER_NUMBER_OBJECT_CONVERSION = YES_AGGRESSIVE;
				CLANG_CXX_LANGUAGE_STANDARD = "gnu++17";
				CLANG_CXX_LIBRARY = "libc++";
				CLANG_ENABLE_MODULES = YES;
				CLANG_ENABLE_OBJC_ARC = YES;
				CLANG_ENABLE_OBJC_WEAK = YES;
				CLANG_WARN_BLOCK_CAPTURE_AUTORELEASING = YES;
				CLANG_WARN_BOOL_CONVERSION = YES;
				CLANG_WARN_COMMA = YES;
				CLANG_WARN_CONSTANT_CONVERSION = YES;
				CLANG_WARN_DEPRECATED_OBJC_IMPLEMENTATIONS = YES;
				CLANG_WARN_DIRECT_OBJC_ISA_USAGE = YES_ERROR;
				CLANG_WARN_DOCUMENTATION_COMMENTS = YES;
				CLANG_WARN_EMPTY_BODY = YES;
				CLANG_WARN_ENUM_CONVERSION = YES;
				CLANG_WARN_INFINITE_RECURSION = YES;
				CLANG_WARN_INT_CONVERSION = YES;
				CLANG_WARN_NON_LITERAL_NULL_CONVERSION = YES;
				CLANG_WARN_OBJC_IMPLICIT_RETAIN_SELF = YES;
				CLANG_WARN_OBJC_LITERAL_CONVERSION = YES;
				CLANG_WARN_OBJC_ROOT_CLASS = YES_ERROR;
				CLANG_WARN_QUOTED_INCLUDE_IN_FRAMEWORK_HEADER = YES;
				CLANG_WARN_RANGE_LOOP_ANALYSIS = YES;
				CLANG_WARN_STRICT_PROTOTYPES = YES;
				CLANG_WARN_SUSPICIOUS_MOVE = YES;
				CLANG_WARN_UNGUARDED_AVAILABILITY = YES_AGGRESSIVE;
				CLANG_WARN_UNREACHABLE_CODE = YES;
				CLANG_WARN__DUPLICATE_METHOD_MATCH = YES;
				COPY_PHASE_STRIP = NO;
				DEBUG_INFORMATION_FORMAT = "dwarf-with-dsym";
				ENABLE_NS_ASSERTIONS = NO;
				ENABLE_STRICT_OBJC_MSGSEND = YES;
				GCC_C_LANGUAGE_STANDARD = gnu11;
				GCC_NO_COMMON_BLOCKS = YES;
				GCC_WARN_64_TO_32_BIT_CONVERSION = YES;
				GCC_WARN_ABOUT_RETURN_TYPE = YES_ERROR;
				GCC_WARN_UNDECLARED_SELECTOR = YES;
				GCC_WARN_UNINITIALIZED_AUTOS = YES_AGGRESSIVE;
				GCC_WARN_UNUSED_FUNCTION = YES;
				GCC_WARN_UNUSED_VARIABLE = YES;
				IPHONEOS_DEPLOYMENT_TARGET = 15.2;
				MTL_ENABLE_DEBUG_INFO = NO;
				MTL_FAST_MATH = YES;
				SDKROOT = iphoneos;
				SWIFT_COMPILATION_MODE = wholemodule;
				SWIFT_OPTIMIZATION_LEVEL = "-O";
				VALIDATE_PRODUCT = YES;
			};
			name = Release;
		};
		306C74672995812F009E5CBD /* Debug */ = {
			isa = XCBuildConfiguration;
			baseConfigurationReference = A276163FDDCA55F67909959F /* Pods-21ParseFotografPaylasma.debug.xcconfig */;
			buildSettings = {
				ASSETCATALOG_COMPILER_APPICON_NAME = AppIcon;
				ASSETCATALOG_COMPILER_GLOBAL_ACCENT_COLOR_NAME = AccentColor;
				CODE_SIGN_STYLE = Automatic;
				CURRENT_PROJECT_VERSION = 1;
				DEVELOPMENT_TEAM = KD5ZFZ595T;
				GENERATE_INFOPLIST_FILE = YES;
				INFOPLIST_FILE = 21ParseFotografPaylasma/Info.plist;
				INFOPLIST_KEY_UIApplicationSupportsIndirectInputEvents = YES;
				INFOPLIST_KEY_UILaunchStoryboardName = LaunchScreen;
				INFOPLIST_KEY_UIMainStoryboardFile = Main;
				INFOPLIST_KEY_UISupportedInterfaceOrientations_iPad = "UIInterfaceOrientationPortrait UIInterfaceOrientationPortraitUpsideDown UIInterfaceOrientationLandscapeLeft UIInterfaceOrientationLandscapeRight";
				INFOPLIST_KEY_UISupportedInterfaceOrientations_iPhone = "UIInterfaceOrientationPortrait UIInterfaceOrientationLandscapeLeft UIInterfaceOrientationLandscapeRight";
				LD_RUNPATH_SEARCH_PATHS = (
					"$(inherited)",
					"@executable_path/Frameworks",
				);
				MARKETING_VERSION = 1.0;
				PRODUCT_BUNDLE_IDENTIFIER = "com.maytemur.-1ParseFotografPaylasma";
				PRODUCT_NAME = "$(TARGET_NAME)";
				SWIFT_EMIT_LOC_STRINGS = YES;
				SWIFT_VERSION = 5.0;
				TARGETED_DEVICE_FAMILY = "1,2";
			};
			name = Debug;
		};
		306C74682995812F009E5CBD /* Release */ = {
			isa = XCBuildConfiguration;
			baseConfigurationReference = 85A5127CB0F7ED8F32C19449 /* Pods-21ParseFotografPaylasma.release.xcconfig */;
			buildSettings = {
				ASSETCATALOG_COMPILER_APPICON_NAME = AppIcon;
				ASSETCATALOG_COMPILER_GLOBAL_ACCENT_COLOR_NAME = AccentColor;
				CODE_SIGN_STYLE = Automatic;
				CURRENT_PROJECT_VERSION = 1;
				DEVELOPMENT_TEAM = KD5ZFZ595T;
				GENERATE_INFOPLIST_FILE = YES;
				INFOPLIST_FILE = 21ParseFotografPaylasma/Info.plist;
				INFOPLIST_KEY_UIApplicationSupportsIndirectInputEvents = YES;
				INFOPLIST_KEY_UILaunchStoryboardName = LaunchScreen;
				INFOPLIST_KEY_UIMainStoryboardFile = Main;
				INFOPLIST_KEY_UISupportedInterfaceOrientations_iPad = "UIInterfaceOrientationPortrait UIInterfaceOrientationPortraitUpsideDown UIInterfaceOrientationLandscapeLeft UIInterfaceOrientationLandscapeRight";
				INFOPLIST_KEY_UISupportedInterfaceOrientations_iPhone = "UIInterfaceOrientationPortrait UIInterfaceOrientationLandscapeLeft UIInterfaceOrientationLandscapeRight";
				LD_RUNPATH_SEARCH_PATHS = (
					"$(inherited)",
					"@executable_path/Frameworks",
				);
				MARKETING_VERSION = 1.0;
				PRODUCT_BUNDLE_IDENTIFIER = "com.maytemur.-1ParseFotografPaylasma";
				PRODUCT_NAME = "$(TARGET_NAME)";
				SWIFT_EMIT_LOC_STRINGS = YES;
				SWIFT_VERSION = 5.0;
				TARGETED_DEVICE_FAMILY = "1,2";
			};
			name = Release;
		};
/* End XCBuildConfiguration section */

/* Begin XCConfigurationList section */
		306C744D2995812D009E5CBD /* Build configuration list for PBXProject "21ParseFotografPaylasma" */ = {
			isa = XCConfigurationList;
			buildConfigurations = (
				306C74642995812F009E5CBD /* Debug */,
				306C74652995812F009E5CBD /* Release */,
			);
			defaultConfigurationIsVisible = 0;
			defaultConfigurationName = Release;
		};
		306C74662995812F009E5CBD /* Build configuration list for PBXNativeTarget "21ParseFotografPaylasma" */ = {
			isa = XCConfigurationList;
			buildConfigurations = (
				306C74672995812F009E5CBD /* Debug */,
				306C74682995812F009E5CBD /* Release */,
			);
			defaultConfigurationIsVisible = 0;
			defaultConfigurationName = Release;
		};
/* End XCConfigurationList section */
	};
	rootObject = 306C744A2995812D009E5CBD /* Project object */;
}
